
Microsoft Visual Studio Solution File, Format Version 12.00
# Visual Studio Version 16
VisualStudioVersion = 16.0.32929.386
MinimumVisualStudioVersion = 10.0.40219.1
Project("{FAE04EC0-301F-11D3-BF4B-00C04F79EFBC}") = "AreaLibrary", "SquerLibrary\AreaLibrary.csproj", "{ED577808-097C-4686-9F04-F964D2B1396D}"
EndProject
Project("{FAE04EC0-301F-11D3-BF4B-00C04F79EFBC}") = "UnitTestProjectArea", "UnitTestProjectArea\UnitTestProjectArea.csproj", "{C5D1BBA2-95EF-41A1-BA5A-01366B1D5043}"
EndProject
Global
	GlobalSection(SolutionConfigurationPlatforms) = preSolution
		Debug|Any CPU = Debug|Any CPU
		Release|Any CPU = Release|Any CPU
	EndGlobalSection
	GlobalSection(ProjectConfigurationPlatforms) = postSolution
		{ED577808-097C-4686-9F04-F964D2B1396D}.Debug|Any CPU.ActiveCfg = Debug|Any CPU
		{ED577808-097C-4686-9F04-F964D2B1396D}.Debug|Any CPU.Build.0 = Debug|Any CPU
		{ED577808-097C-4686-9F04-F964D2B1396D}.Release|Any CPU.ActiveCfg = Release|Any CPU
		{ED577808-097C-4686-9F04-F964D2B1396D}.Release|Any CPU.Build.0 = Release|Any CPU
		{C5D1BBA2-95EF-41A1-BA5A-01366B1D5043}.Debug|Any CPU.ActiveCfg = Debug|Any CPU
		{C5D1BBA2-95EF-41A1-BA5A-01366B1D5043}.Debug|Any CPU.Build.0 = Debug|Any CPU
		{C5D1BBA2-95EF-41A1-BA5A-01366B1D5043}.Release|Any CPU.ActiveCfg = Release|Any CPU
		{C5D1BBA2-95EF-41A1-BA5A-01366B1D5043}.Release|Any CPU.Build.0 = Release|Any CPU
	EndGlobalSection
	GlobalSection(SolutionProperties) = preSolution
		HideSolutionNode = FALSE
	EndGlobalSection
	GlobalSection(ExtensibilityGlobals) = postSolution
		SolutionGuid = {377A3BD4-417C-4E69-8025-3417AA1AD1EA}
	EndGlobalSection
EndGlobal
